
Microsoft Visual Studio Solution File, Format Version 12.00
# Visual Studio 15
VisualStudioVersion = 15.0.28307.539
MinimumVisualStudioVersion = 10.0.40219.1
Project("{9A19103F-16F7-4668-BE54-9A1E7A4F7556}") = "Diff.API", "Diff.API\Diff.API.csproj", "{02C835B5-B5EB-43FA-B58A-2EC2A64BCF05}"
EndProject
Project("{9A19103F-16F7-4668-BE54-9A1E7A4F7556}") = "Diff.API.Tests", "Diff.API.Tests\Diff.API.Tests.csproj", "{CE4A91C1-D2DB-46C8-A8A5-479E2F849EBB}"
EndProject
Project("{9A19103F-16F7-4668-BE54-9A1E7A4F7556}") = "Diff.Core", "Diff.Core\Diff.Core.csproj", "{66BD57FA-B21A-45C6-B8B9-D3B9D4BEE198}"
EndProject
Project("{9A19103F-16F7-4668-BE54-9A1E7A4F7556}") = "Diff.Core.Tests", "Diff.Core.Tests\Diff.Core.Tests.csproj", "{71097F7E-8303-4348-A2AE-7D8745D7CCA4}"
EndProject
Project("{9A19103F-16F7-4668-BE54-9A1E7A4F7556}") = "Diff.Data", "Diff.Data\Diff.Data.csproj", "{C5C09876-0A83-4F70-AA83-233938387333}"
EndProject
Project("{9A19103F-16F7-4668-BE54-9A1E7A4F7556}") = "Diff.Data.Tests", "Diff.Data.Tests\Diff.Data.Tests.csproj", "{0072E20C-6415-4EAC-ADF0-58818D9EC289}"
EndProject
Project("{2150E333-8FDC-42A3-9474-1A3956D46DE8}") = "Solution Items", "Solution Items", "{6FAEC32B-33B8-40D5-9D9C-BE0E1354DC3A}"
	ProjectSection(SolutionItems) = preProject
		readme.md = readme.md
	EndProjectSection
EndProject
Project("{9A19103F-16F7-4668-BE54-9A1E7A4F7556}") = "Diff.Core.Interfaces", "Diff.Core.Interfaces\Diff.Core.Interfaces.csproj", "{D4FF5419-861A-4193-9150-B7FE7CAD788D}"
EndProject
Project("{9A19103F-16F7-4668-BE54-9A1E7A4F7556}") = "Diff.Core.IngestionService", "Diff.Core.IngestionService\Diff.Core.IngestionService.csproj", "{7DE4F871-5A72-4E10-B16D-85C60A6A2AFA}"
EndProject
Project("{9A19103F-16F7-4668-BE54-9A1E7A4F7556}") = "Diff.Core.AnalysisService", "Diff.Core.AnalysisService\Diff.Core.AnalysisService.csproj", "{B7C5C211-A0A9-40E9-BB71-EA720F3F6C88}"
EndProject
Project("{9A19103F-16F7-4668-BE54-9A1E7A4F7556}") = "Diff.Core.Integration", "Diff.Core.Integration\Diff.Core.Integration.csproj", "{8BBF7B5F-42AB-4A9C-B09C-36A74ADD2999}"
EndProject
Global
	GlobalSection(SolutionConfigurationPlatforms) = preSolution
		Debug|Any CPU = Debug|Any CPU
		Release|Any CPU = Release|Any CPU
	EndGlobalSection
	GlobalSection(ProjectConfigurationPlatforms) = postSolution
		{02C835B5-B5EB-43FA-B58A-2EC2A64BCF05}.Debug|Any CPU.ActiveCfg = Debug|Any CPU
		{02C835B5-B5EB-43FA-B58A-2EC2A64BCF05}.Debug|Any CPU.Build.0 = Debug|Any CPU
		{02C835B5-B5EB-43FA-B58A-2EC2A64BCF05}.Release|Any CPU.ActiveCfg = Release|Any CPU
		{02C835B5-B5EB-43FA-B58A-2EC2A64BCF05}.Release|Any CPU.Build.0 = Release|Any CPU
		{CE4A91C1-D2DB-46C8-A8A5-479E2F849EBB}.Debug|Any CPU.ActiveCfg = Debug|Any CPU
		{CE4A91C1-D2DB-46C8-A8A5-479E2F849EBB}.Debug|Any CPU.Build.0 = Debug|Any CPU
		{CE4A91C1-D2DB-46C8-A8A5-479E2F849EBB}.Release|Any CPU.ActiveCfg = Release|Any CPU
		{CE4A91C1-D2DB-46C8-A8A5-479E2F849EBB}.Release|Any CPU.Build.0 = Release|Any CPU
		{66BD57FA-B21A-45C6-B8B9-D3B9D4BEE198}.Debug|Any CPU.ActiveCfg = Debug|Any CPU
		{66BD57FA-B21A-45C6-B8B9-D3B9D4BEE198}.Debug|Any CPU.Build.0 = Debug|Any CPU
		{66BD57FA-B21A-45C6-B8B9-D3B9D4BEE198}.Release|Any CPU.ActiveCfg = Release|Any CPU
		{66BD57FA-B21A-45C6-B8B9-D3B9D4BEE198}.Release|Any CPU.Build.0 = Release|Any CPU
		{71097F7E-8303-4348-A2AE-7D8745D7CCA4}.Debug|Any CPU.ActiveCfg = Debug|Any CPU
		{71097F7E-8303-4348-A2AE-7D8745D7CCA4}.Debug|Any CPU.Build.0 = Debug|Any CPU
		{71097F7E-8303-4348-A2AE-7D8745D7CCA4}.Release|Any CPU.ActiveCfg = Release|Any CPU
		{71097F7E-8303-4348-A2AE-7D8745D7CCA4}.Release|Any CPU.Build.0 = Release|Any CPU
		{C5C09876-0A83-4F70-AA83-233938387333}.Debug|Any CPU.ActiveCfg = Debug|Any CPU
		{C5C09876-0A83-4F70-AA83-233938387333}.Debug|Any CPU.Build.0 = Debug|Any CPU
		{C5C09876-0A83-4F70-AA83-233938387333}.Release|Any CPU.ActiveCfg = Release|Any CPU
		{C5C09876-0A83-4F70-AA83-233938387333}.Release|Any CPU.Build.0 = Release|Any CPU
		{0072E20C-6415-4EAC-ADF0-58818D9EC289}.Debug|Any CPU.ActiveCfg = Debug|Any CPU
		{0072E20C-6415-4EAC-ADF0-58818D9EC289}.Debug|Any CPU.Build.0 = Debug|Any CPU
		{0072E20C-6415-4EAC-ADF0-58818D9EC289}.Release|Any CPU.ActiveCfg = Release|Any CPU
		{0072E20C-6415-4EAC-ADF0-58818D9EC289}.Release|Any CPU.Build.0 = Release|Any CPU
		{D4FF5419-861A-4193-9150-B7FE7CAD788D}.Debug|Any CPU.ActiveCfg = Debug|Any CPU
		{D4FF5419-861A-4193-9150-B7FE7CAD788D}.Debug|Any CPU.Build.0 = Debug|Any CPU
		{D4FF5419-861A-4193-9150-B7FE7CAD788D}.Release|Any CPU.ActiveCfg = Release|Any CPU
		{D4FF5419-861A-4193-9150-B7FE7CAD788D}.Release|Any CPU.Build.0 = Release|Any CPU
		{7DE4F871-5A72-4E10-B16D-85C60A6A2AFA}.Debug|Any CPU.ActiveCfg = Debug|Any CPU
		{7DE4F871-5A72-4E10-B16D-85C60A6A2AFA}.Debug|Any CPU.Build.0 = Debug|Any CPU
		{7DE4F871-5A72-4E10-B16D-85C60A6A2AFA}.Release|Any CPU.ActiveCfg = Release|Any CPU
		{7DE4F871-5A72-4E10-B16D-85C60A6A2AFA}.Release|Any CPU.Build.0 = Release|Any CPU
		{B7C5C211-A0A9-40E9-BB71-EA720F3F6C88}.Debug|Any CPU.ActiveCfg = Debug|Any CPU
		{B7C5C211-A0A9-40E9-BB71-EA720F3F6C88}.Debug|Any CPU.Build.0 = Debug|Any CPU
		{B7C5C211-A0A9-40E9-BB71-EA720F3F6C88}.Release|Any CPU.ActiveCfg = Release|Any CPU
		{B7C5C211-A0A9-40E9-BB71-EA720F3F6C88}.Release|Any CPU.Build.0 = Release|Any CPU
		{8BBF7B5F-42AB-4A9C-B09C-36A74ADD2999}.Debug|Any CPU.ActiveCfg = Debug|Any CPU
		{8BBF7B5F-42AB-4A9C-B09C-36A74ADD2999}.Debug|Any CPU.Build.0 = Debug|Any CPU
		{8BBF7B5F-42AB-4A9C-B09C-36A74ADD2999}.Release|Any CPU.ActiveCfg = Release|Any CPU
		{8BBF7B5F-42AB-4A9C-B09C-36A74ADD2999}.Release|Any CPU.Build.0 = Release|Any CPU
	EndGlobalSection
	GlobalSection(SolutionProperties) = preSolution
		HideSolutionNode = FALSE
	EndGlobalSection
	GlobalSection(ExtensibilityGlobals) = postSolution
		SolutionGuid = {F3F17687-3D10-4C64-A177-773774D8A283}
	EndGlobalSection
EndGlobal
